# Runtime dependencies resolved for 64-bit Windows CPython 3.13. Regenerate intentionally when pyproject.toml changes.
annotated-types==0.8.0 --hash=sha256:f072f4d804ea359e4eaf198b1af7a8b0943881a87f31bb764f8bf219bb9419e0
anyio==4.14.2 --hash=sha256:9f505dda5ac9f0c8309b5e8bd445a8c2bf7246f3ce950121e45ea15bc41d1494
certifi==2026.7.22 --hash=sha256:62f22742b58a1a33014a2b6b706588a8d7e2a88ae7bd1a6ebe8c992928483775
click==8.4.2 --hash=sha256:e6f9f66136c816745b9d65817da91d61d957fb16e02e4dcd0552553c5a197b76
colorama==0.4.6 --hash=sha256:4f1d9991f5acc0ca119f9d443620b77f9d6b33703e51011c16baf57afb285fc6
fastapi==0.115.12 --hash=sha256:e94613d6c05e27be7ffebdd6ea5f388112e5e430c8f7d6494a9d1d88d43e814d
h11==0.16.0 --hash=sha256:63cf8bbe7522de3bf65932fda1d9c2772064ffb3dae62d55932da54b31cb6c86
httpcore==1.0.9 --hash=sha256:2d400746a40668fc9dec9810239072b40b4484b640a8c38fd654a024c7a1bf55
httptools==0.8.0 --hash=sha256:a1b4c8e7a489a0d750d91894e9a8cdc295838f1924c0ca903ae993456fddec07 --hash=sha256:cd96f29b4bab1d42fa6e3d008711c75e0f79e94e06827330160e3a304227f150 --hash=sha256:7685df791fad561384bfb139e77fde27a1ffd93134e016f95a0db424ffbf77b1
httpx==0.28.1 --hash=sha256:d909fcccc110f8c7faf814ca82a9a4d816bc5a6dbfea25d6591d6985b8ba59ad
idna==3.18 --hash=sha256:7f952cbe720b688055e3f87de14f5c3e5fdaa8bc3928985c4077ca689de849a2
palworld-save-tools==0.24.0 --hash=sha256:613b7bec62750e879af5affa95fe712b2a679311858617fd8a45d7576892226b
psutil==7.0.0 --hash=sha256:4cf3d4eb1aa9b348dec30105c55cd9b7d4629285735a102beb4441e38db90553
pydantic==2.13.4 --hash=sha256:45a282cde31d808236fd7ea9d919b128653c8b38b393d1c4ab335c62924d9aba
pydantic_core==2.46.4 --hash=sha256:6f2eeda33a839975441c86a4119e1383c50b47faf0cbb5176985565c6bb02c33 --hash=sha256:e9c26f834c65f5752f3f06cb08cb86a913ceb7274d0db6e267808a708b46bc89 --hash=sha256:6b3ace8194b0e5204818c92802dcdca7fc6d88aabbb799d7c795540d9cd6d292
python-dotenv==1.2.2 --hash=sha256:1d8214789a24de455a8b8bd8ae6fe3c6b69a5e3d64aa8a8e5d68e694bbcb285a
PyYAML==6.0.3 --hash=sha256:9f3bfb4965eb874431221a3ff3fdcddc7e74e3b07799e0e84ca4a0f867d449bf --hash=sha256:5fcd34e47f6e0b794d17de1b4ff496c00986e1c83f7ab2fb8fcfe9616ff7477b --hash=sha256:79005a0d97d5ddabfeeea4cf676af11e647e41d81c9a7722a193022accdb6b7c
setuptools==80.9.0 --hash=sha256:062d34222ad13e0cc312a4c02d73f059e86a4acbfbdea8f8f76b28c99f306922
starlette==0.46.2 --hash=sha256:595633ce89f8ffa71a015caed34a5b2dc1c0cdb3f0f1fbd1e69339cf2abeec35
typing_extensions==4.16.0 --hash=sha256:481caa481374e813c1b176ada14e97f1f67a4539ce9cfeb3f350d78d6370c2e8
typing-inspection==0.4.2 --hash=sha256:4ed1cacbdc298c220f1bd249ed5287caa16f34d44ef4e9c3d0cbad5b521545e7
uvicorn==0.34.0 --hash=sha256:023dc038422502fa28a09c7a30bf2b6991512da7dcdb8fd35fe57cfc154126f4
watchfiles==1.2.0 --hash=sha256:dbd6c97045dad81227c8d040173da044c1de08de64a5ea8b555da4aee1d5fa22 --hash=sha256:f155b3a1b2a5fc89cdc70d47ee5d54e3b75e88efa34982028a35daef9ba00379 --hash=sha256:a0f27f01bee51861392bb6b7c4fdb290b27d1eb194e9e28788d68102a0e898d9
websockets==17.0.1 --hash=sha256:02f0b037a737d0cb0c33866c97bcd1a0b73170dfbf42d69d8fb86f51002fd5ae --hash=sha256:2b3f3020171202b135ca078e20434977c6b2b02af647130d6980c9e39b9462e3 --hash=sha256:409d93efcaa14f7a99592c5baaef5ec6ca94fba0f5aec1a86f693977c69c9c1c
